
Microsoft Visual Studio Solution File, Format Version 12.00
# Visual Studio Version 16
VisualStudioVersion = 16.0.32413.511
MinimumVisualStudioVersion = 10.0.40219.1
Project("{FAE04EC0-301F-11D3-BF4B-00C04F79EFBC}") = "ChessBoardConsoleApp", "ChessBoardConsoleApp\ChessBoardConsoleApp.csproj", "{DD45702D-5B79-4995-B6CA-AF1E05FD8EC9}"
EndProject
Project("{FAE04EC0-301F-11D3-BF4B-00C04F79EFBC}") = "ChessBoardModel", "ChessBoardModel\ChessBoardModel.csproj", "{7AD0E4BF-080D-40FF-B943-1D0216C996C1}"
EndProject
Global
	GlobalSection(SolutionConfigurationPlatforms) = preSolution
		Debug|Any CPU = Debug|Any CPU
		Release|Any CPU = Release|Any CPU
	EndGlobalSection
	GlobalSection(ProjectConfigurationPlatforms) = postSolution
		{DD45702D-5B79-4995-B6CA-AF1E05FD8EC9}.Debug|Any CPU.ActiveCfg = Debug|Any CPU
		{DD45702D-5B79-4995-B6CA-AF1E05FD8EC9}.Debug|Any CPU.Build.0 = Debug|Any CPU
		{DD45702D-5B79-4995-B6CA-AF1E05FD8EC9}.Release|Any CPU.ActiveCfg = Release|Any CPU
		{DD45702D-5B79-4995-B6CA-AF1E05FD8EC9}.Release|Any CPU.Build.0 = Release|Any CPU
		{7AD0E4BF-080D-40FF-B943-1D0216C996C1}.Debug|Any CPU.ActiveCfg = Debug|Any CPU
		{7AD0E4BF-080D-40FF-B943-1D0216C996C1}.Debug|Any CPU.Build.0 = Debug|Any CPU
		{7AD0E4BF-080D-40FF-B943-1D0216C996C1}.Release|Any CPU.ActiveCfg = Release|Any CPU
		{7AD0E4BF-080D-40FF-B943-1D0216C996C1}.Release|Any CPU.Build.0 = Release|Any CPU
	EndGlobalSection
	GlobalSection(SolutionProperties) = preSolution
		HideSolutionNode = FALSE
	EndGlobalSection
	GlobalSection(ExtensibilityGlobals) = postSolution
		SolutionGuid = {56EB517A-03F3-464E-B0CD-8AD1417C5FFA}
	EndGlobalSection
EndGlobal
