
Microsoft Visual Studio Solution File, Format Version 12.00
# Visual Studio Version 16
VisualStudioVersion = 16.0.32413.511
MinimumVisualStudioVersion = 10.0.40219.1
Project("{FAE04EC0-301F-11D3-BF4B-00C04F79EFBC}") = "ChessBoardGuiApp", "ChessBoardGuiApp\ChessBoardGuiApp.csproj", "{AA2C4A06-B707-4945-AF10-D9AC08176A1A}"
EndProject
Project("{9A19103F-16F7-4668-BE54-9A1E7A4F7556}") = "ChessBoardModel", "ChessBoardModel\ChessBoardModel.csproj", "{BB670000-E31A-4219-9F28-6DB1FC5EF8CE}"
EndProject
Global
	GlobalSection(SolutionConfigurationPlatforms) = preSolution
		Debug|Any CPU = Debug|Any CPU
		Release|Any CPU = Release|Any CPU
	EndGlobalSection
	GlobalSection(ProjectConfigurationPlatforms) = postSolution
		{AA2C4A06-B707-4945-AF10-D9AC08176A1A}.Debug|Any CPU.ActiveCfg = Debug|Any CPU
		{AA2C4A06-B707-4945-AF10-D9AC08176A1A}.Debug|Any CPU.Build.0 = Debug|Any CPU
		{AA2C4A06-B707-4945-AF10-D9AC08176A1A}.Release|Any CPU.ActiveCfg = Release|Any CPU
		{AA2C4A06-B707-4945-AF10-D9AC08176A1A}.Release|Any CPU.Build.0 = Release|Any CPU
		{BB670000-E31A-4219-9F28-6DB1FC5EF8CE}.Debug|Any CPU.ActiveCfg = Debug|Any CPU
		{BB670000-E31A-4219-9F28-6DB1FC5EF8CE}.Debug|Any CPU.Build.0 = Debug|Any CPU
		{BB670000-E31A-4219-9F28-6DB1FC5EF8CE}.Release|Any CPU.ActiveCfg = Release|Any CPU
		{BB670000-E31A-4219-9F28-6DB1FC5EF8CE}.Release|Any CPU.Build.0 = Release|Any CPU
	EndGlobalSection
	GlobalSection(SolutionProperties) = preSolution
		HideSolutionNode = FALSE
	EndGlobalSection
	GlobalSection(ExtensibilityGlobals) = postSolution
		SolutionGuid = {EA0F4D30-9EE3-4265-A90C-02E24E8649EC}
	EndGlobalSection
EndGlobal
